
Microsoft Visual Studio Solution File, Format Version 12.00
# Visual Studio Version 17
VisualStudioVersion = 17.12.35527.113 d17.12
MinimumVisualStudioVersion = 10.0.40219.1
Project("{FAE04EC0-301F-11D3-BF4B-00C04F79EFBC}") = "Restaurant.WebApi", "Restaurant.WebApi\Restaurant.WebApi.csproj", "{5D4D01E9-B368-4166-9EBF-2EB556E84E28}"
EndProject
Project("{2150E333-8FDC-42A3-9474-1A3956D46DE8}") = "Source", "Source", "{F586982D-1BB4-495A-9C57-4FA3BF5413DA}"
EndProject
Project("{2150E333-8FDC-42A3-9474-1A3956D46DE8}") = "Core", "Core", "{98CFE2C9-CD95-4824-9D91-E2319985FC33}"
EndProject
Project("{2150E333-8FDC-42A3-9474-1A3956D46DE8}") = "Infrastructure", "Infrastructure", "{845182BA-C48A-434E-AA59-8761AC69A995}"
EndProject
Project("{2150E333-8FDC-42A3-9474-1A3956D46DE8}") = "Presentation", "Presentation", "{C7D97B02-0514-44A6-A29E-437A1E6DE267}"
EndProject
Project("{2150E333-8FDC-42A3-9474-1A3956D46DE8}") = "WebApi", "WebApi", "{2A847EA3-FDBD-4FFD-9A88-17F41BDB5B6E}"
EndProject
Project("{FAE04EC0-301F-11D3-BF4B-00C04F79EFBC}") = "RestaurantWebApi.Core.Domain", "RestaurantWebApi.Core.Domain\RestaurantWebApi.Core.Domain.csproj", "{5C03DD8A-D596-4372-96C2-0A5F365A1453}"
EndProject
Project("{FAE04EC0-301F-11D3-BF4B-00C04F79EFBC}") = "RestaurantWebApi.Core.Application", "RestaurantWebApi.Core.Application\RestaurantWebApi.Core.Application.csproj", "{9D7635C9-F768-48A7-9CDD-473E55BA720A}"
EndProject
Project("{FAE04EC0-301F-11D3-BF4B-00C04F79EFBC}") = "RestaurantWebApi.Infrastructure.Persistence", "RestaurantWebApi.Infrastructure.Persistence\RestaurantWebApi.Infrastructure.Persistence.csproj", "{A662D9BC-998E-4546-8D7E-FB95685651C0}"
EndProject
Project("{FAE04EC0-301F-11D3-BF4B-00C04F79EFBC}") = "RestaurantApiWeb.Infrastructure.Identity", "RestaurantApiWeb.Infrastructure.Identity\RestaurantApiWeb.Infrastructure.Identity.csproj", "{2F1C7335-41D4-4CC0-8513-B47357446A9B}"
EndProject
Global
	GlobalSection(SolutionConfigurationPlatforms) = preSolution
		Debug|Any CPU = Debug|Any CPU
		Release|Any CPU = Release|Any CPU
	EndGlobalSection
	GlobalSection(ProjectConfigurationPlatforms) = postSolution
		{5D4D01E9-B368-4166-9EBF-2EB556E84E28}.Debug|Any CPU.ActiveCfg = Debug|Any CPU
		{5D4D01E9-B368-4166-9EBF-2EB556E84E28}.Debug|Any CPU.Build.0 = Debug|Any CPU
		{5D4D01E9-B368-4166-9EBF-2EB556E84E28}.Release|Any CPU.ActiveCfg = Release|Any CPU
		{5D4D01E9-B368-4166-9EBF-2EB556E84E28}.Release|Any CPU.Build.0 = Release|Any CPU
		{5C03DD8A-D596-4372-96C2-0A5F365A1453}.Debug|Any CPU.ActiveCfg = Debug|Any CPU
		{5C03DD8A-D596-4372-96C2-0A5F365A1453}.Debug|Any CPU.Build.0 = Debug|Any CPU
		{5C03DD8A-D596-4372-96C2-0A5F365A1453}.Release|Any CPU.ActiveCfg = Release|Any CPU
		{5C03DD8A-D596-4372-96C2-0A5F365A1453}.Release|Any CPU.Build.0 = Release|Any CPU
		{9D7635C9-F768-48A7-9CDD-473E55BA720A}.Debug|Any CPU.ActiveCfg = Debug|Any CPU
		{9D7635C9-F768-48A7-9CDD-473E55BA720A}.Debug|Any CPU.Build.0 = Debug|Any CPU
		{9D7635C9-F768-48A7-9CDD-473E55BA720A}.Release|Any CPU.ActiveCfg = Release|Any CPU
		{9D7635C9-F768-48A7-9CDD-473E55BA720A}.Release|Any CPU.Build.0 = Release|Any CPU
		{A662D9BC-998E-4546-8D7E-FB95685651C0}.Debug|Any CPU.ActiveCfg = Debug|Any CPU
		{A662D9BC-998E-4546-8D7E-FB95685651C0}.Debug|Any CPU.Build.0 = Debug|Any CPU
		{A662D9BC-998E-4546-8D7E-FB95685651C0}.Release|Any CPU.ActiveCfg = Release|Any CPU
		{A662D9BC-998E-4546-8D7E-FB95685651C0}.Release|Any CPU.Build.0 = Release|Any CPU
		{2F1C7335-41D4-4CC0-8513-B47357446A9B}.Debug|Any CPU.ActiveCfg = Debug|Any CPU
		{2F1C7335-41D4-4CC0-8513-B47357446A9B}.Debug|Any CPU.Build.0 = Debug|Any CPU
		{2F1C7335-41D4-4CC0-8513-B47357446A9B}.Release|Any CPU.ActiveCfg = Release|Any CPU
		{2F1C7335-41D4-4CC0-8513-B47357446A9B}.Release|Any CPU.Build.0 = Release|Any CPU
	EndGlobalSection
	GlobalSection(SolutionProperties) = preSolution
		HideSolutionNode = FALSE
	EndGlobalSection
	GlobalSection(NestedProjects) = preSolution
		{5D4D01E9-B368-4166-9EBF-2EB556E84E28} = {2A847EA3-FDBD-4FFD-9A88-17F41BDB5B6E}
		{98CFE2C9-CD95-4824-9D91-E2319985FC33} = {F586982D-1BB4-495A-9C57-4FA3BF5413DA}
		{845182BA-C48A-434E-AA59-8761AC69A995} = {F586982D-1BB4-495A-9C57-4FA3BF5413DA}
		{C7D97B02-0514-44A6-A29E-437A1E6DE267} = {F586982D-1BB4-495A-9C57-4FA3BF5413DA}
		{2A847EA3-FDBD-4FFD-9A88-17F41BDB5B6E} = {C7D97B02-0514-44A6-A29E-437A1E6DE267}
		{5C03DD8A-D596-4372-96C2-0A5F365A1453} = {98CFE2C9-CD95-4824-9D91-E2319985FC33}
		{9D7635C9-F768-48A7-9CDD-473E55BA720A} = {98CFE2C9-CD95-4824-9D91-E2319985FC33}
		{A662D9BC-998E-4546-8D7E-FB95685651C0} = {845182BA-C48A-434E-AA59-8761AC69A995}
		{2F1C7335-41D4-4CC0-8513-B47357446A9B} = {845182BA-C48A-434E-AA59-8761AC69A995}
	EndGlobalSection
EndGlobal
